hash: c4724775b5e523ff216e20768120e6253417b2f50c606fca1a82efdc38656de6
updated: 2016-04-26T10:45:29.453624633-05:00
imports:
- name: github.com/codegangsta/cli
  version: a65b733b303f0055f8d324d805f393cd3e7a7904
- name: github.com/franela/goreq
  version: 3ddeded65be21dacb5a2e2d0b95af9ff6862a2b5
- name: github.com/go-yaml/yaml
  version: a83829b6f1293c91addabc89d0571c246397bbf4
- name: github.com/stretchr/testify
  version: bcd9e3389dd03b0b668d11f4d462a6af6c2dfd60
devImports: []
