hash: de78923e49e0219b9c527a3fdf75a35cb2b5d3759efe96dbd860b70e3acf5281
updated: 2016-05-06T09:38:42.364884237-05:00
imports:
- name: github.com/brockwood/gostrufig
  version: b30cb30387a9cba3c970644c880903739e94f5f2
  subpackages:
  - github.com/coreos/go-etcd/etcd
- name: github.com/codegangsta/cli
  version: a65b733b303f0055f8d324d805f393cd3e7a7904
- name: github.com/franela/goreq
  version: 3ddeded65be21dacb5a2e2d0b95af9ff6862a2b5
- name: github.com/go-yaml/yaml
  version: a83829b6f1293c91addabc89d0571c246397bbf4
- name: github.com/stretchr/testify
  version: bcd9e3389dd03b0b668d11f4d462a6af6c2dfd60
devImports: []
